{
  "version": 4,
  "terraform_version": "dummy-version",
  "serial": 1,
  "lineage": "dummy-lineage",
  "outputs": {},
  "resources": [
    {
      "module": "dummy-module",
      "mode": "managed",
      "type": "dummy_aws_lb",
      "name": "dummy-lb",
      "provider": "dummy-provider",
      "instances": [
        {
          "schema_version": 0,
          "attributes": {
            "arn": "arn:aws:elasticloadbalancing:dummy-region:000000000000:loadbalancer/app/dummy-lb/dummy-id",
            "arn_suffix": "app/dummy-lb/dummy-id",
            "client_keep_alive": 100,
            "desync_mitigation_mode": "dummy-mode",
            "dns_name": "dummy-lb.dummy-region.elb.amazonaws.com",
            "drop_invalid_header_fields": false,
            "enable_cross_zone_load_balancing": true,
            "enable_deletion_protection": false,
            "enable_http2": true,
            "enable_tls_version_and_cipher_suite_headers": false,
            "enable_waf_fail_open": false,
            "enable_xff_client_port": false,
            "enable_zonal_shift": false,
            "id": "arn:aws:elasticloadbalancing:dummy-region:000000000000:loadbalancer/app/dummy-lb/dummy-id",
            "idle_timeout": 100,
            "internal": true,
            "ip_address_type": "ipv4",
            "load_balancer_type": "dummy-type",
            "name": "dummy-lb-name",
            "preserve_host_header": false,
            "security_groups": [
              "dummy-sg"
            ],
            "subnets": [
              "dummy-subnet-1",
              "dummy-subnet-2"
            ],
            "tags": {},
            "tags_all": {
              "dummy_tag": "dummy_value"
            },
            "vpc_id": "dummy-vpc",
            "xff_header_processing_mode": "dummy-xff",
            "zone_id": "dummy-zone"
          }
        }
      ]
    }
  ]
}
