{
  "version": 4,
  "terraform_version": "1.5.7",
  "serial": 1,
  "lineage": "dummy-lineage-unmanaged",
  "outputs": {},
  "resources": [
    {
      "module": "module.example_modules_stag",
      "mode": "managed",
      "type": "aws_lb",
      "name": "lambda-",
      "provider": "provider[\"registry.terraform.io/hashicorp/aws\"]",
      "instances": [
        {
          "schema_version": 0,
          "attributes": {
            "arn": "arn:aws:elasticloadbalancing:ap-northeast-1:000000000000:loadbalancer/app/lambda-example-internal/abcdef123456",
            "arn_suffix": "app/lambda-example-internal/abcdef123456",
            "client_keep_alive": 3600,
            "desync_mitigation_mode": "defensive",
            "dns_name": "internal-lambda-example-internal.ap-northeast-1.elb.amazonaws.com",
            "drop_invalid_header_fields": false,
            "enable_cross_zone_load_balancing": true,
            "enable_deletion_protection": false,
            "enable_http2": true,
            "enable_tls_version_and_cipher_suite_headers": false,
            "enable_waf_fail_open": false,
            "enable_xff_client_port": false,
            "enable_zonal_shift": false,
            "id": "arn:aws:elasticloadbalancing:ap-northeast-1:000000000000:loadbalancer/app/lambda-example-internal/abcdef123456",
            "idle_timeout": 3600,
            "internal": true,
            "ip_address_type": "ipv4",
            "load_balancer_type": "application",
            "name": "lambda-example-internal",
            "preserve_host_header": false,
            "security_groups": [
              "sg-12345678"
            ],
            "subnets": [
              "subnet-11111111",
              "subnet-22222222"
            ],
            "tags": {},
            "tags_all": {
              "managed_by": "terraform"
            },
            "vpc_id": "vpc-12345678",
            "xff_header_processing_mode": "append",
            "zone_id": "ZABCDEF123"
          }
        }
      ]
    },
    {
      "module": "module.example_modules_stag",
      "mode": "managed",
      "type": "aws_lb",
      "name": "test-lb",
      "provider": "provider[\"registry.terraform.io/hashicorp/aws\"]",
      "instances": [
        {
          "schema_version": 0,
          "attributes": {
            "arn": "arn:aws:elasticloadbalancing:ap-northeast-1:000000000000:loadbalancer/example-lb",
            "arn_suffix": "example-lb",
            "client_keep_alive": 3600,
            "desync_mitigation_mode": "defensive",
            "dns_name": "example-lb.ap-northeast-1.elb.amazonaws.com",
            "drop_invalid_header_fields": false,
            "enable_cross_zone_load_balancing": true,
            "enable_deletion_protection": false,
            "enable_http2": true,
            "enable_tls_version_and_cipher_suite_headers": false,
            "enable_waf_fail_open": false,
            "enable_xff_client_port": false,
            "enable_zonal_shift": false,
            "id": "arn:aws:elasticloadbalancing:ap-northeast-1:000000000000:loadbalancer/example-lb",
            "idle_timeout": 3600,
            "internal": true,
            "ip_address_type": "ipv4",
            "load_balancer_type": "application",
            "name": "example-lb",
            "preserve_host_header": false,
            "security_groups": [
              "sg-12345678"
            ],
            "subnets": [
              "subnet-11111111",
              "subnet-22222222"
            ],
            "tags": {},
            "tags_all": {
              "managed_by": "terraform"
            },
            "vpc_id": "vpc-12345678",
            "xff_header_processing_mode": "append",
            "zone_id": "ZABCDEF123"
          }
        }
      ]
    }
  ]
}
