{
  "version": 4,
  "terraform_version": "1.5.7",
  "serial": 1,
  "lineage": "dummy-lineage",
  "outputs": {},
  "resources": [
    {
      "mode": "managed",
      "type": "aws_vpc",
      "name": "main",
      "provider": "provider[\"registry.terraform.io/hashicorp/aws\"]",
      "instances": [
        {
          "schema_version": 1,
          "attributes": {
            "id": "vpc-12345678",
            "arn": "arn:aws:ec2:ap-northeast-1:000000000000:vpc/vpc-12345678",
            "cidr_block": "10.0.0.0/16",
            "enable_dns_hostnames": true,
            "enable_dns_support": true,
            "instance_tenancy": "default",
            "tags": {
              "Name": "example-vpc",
              "Environment": "example"
            }
          }
        }
      ]
    },
    {
      "mode": "managed",
      "type": "aws_subnet",
      "name": "public",
      "provider": "provider[\"registry.terraform.io/hashicorp/aws\"]",
      "instances": [
        {
          "schema_version": 1,
          "attributes": {
            "id": "subnet-11111111",
            "vpc_id": "vpc-12345678",
            "cidr_block": "10.0.1.0/24",
            "availability_zone": "ap-northeast-1a",
            "map_public_ip_on_launch": true,
            "tags": {
              "Name": "example-subnet",
              "Type": "Public"
            }
          }
        }
      ]
    },
    {
      "mode": "managed",
      "type": "aws_iam_role",
      "name": "test_role",
      "provider": "provider[\"registry.terraform.io/hashicorp/aws\"]",
      "instances": [
        {
          "schema_version": 0,
          "attributes": {
            "id": "example-role",
            "arn": "arn:aws:iam::000000000000:role/example-role",
            "name": "example-role",
            "path": "/",
            "assume_role_policy": "{\"Version\":\"2012-10-17\",\"Statement\":[{\"Effect\":\"Allow\",\"Principal\":{\"Service\":\"ec2.amazonaws.com\"},\"Action\":\"sts:AssumeRole\"}]}",
            "tags": {
              "Name": "example-role"
            }
          }
        }
      ]
    }
  ]
}
